{
  "name": "@tinypudding/firebase-express-template",
  "version": "1.0.3",
  "lockfileVersion": 1,
  "requires": true,
  "dependencies": {
    "@tinypudding/puddy-lib": {
      "version": "1.1.17",
      "resolved": "https://registry.npmjs.org/@tinypudding/puddy-lib/-/puddy-lib-1.1.17.tgz",
      "integrity": "sha512-+ezLNNezniZ+Ex8S2fvcsGz5X8pDzbZG7RSytHDeFlQWKKXszdaiQurZe+uuIRw5O3MYD3a2Lo2olWjgb+Rw8w==",
      "requires": {
        "lodash": "^4.17.20",
        "node-fetch": "^2.6.1"
      }
    },
    "for-promise": {
      "version": "1.3.2",
      "resolved": "https://registry.npmjs.org/for-promise/-/for-promise-1.3.2.tgz",
      "integrity": "sha512-aDO6ITur+2XfgXkpwEn5hh4eZGyAt1F+AxsTQo5aiEXi34jM36V+xkDCqOPa1TC0+BvorkV+6rWx/569Qls9hw=="
    },
    "lodash": {
      "version": "4.17.20",
      "resolved": "https://registry.npmjs.org/lodash/-/lodash-4.17.20.tgz",
      "integrity": "sha512-PlhdFcillOINfeV7Ni6oF1TAEayyZBoZ8bcshTHqOYJYlrqzRK5hagpagky5o4HfCzzd1TRkXPMFq6cKk9rGmA=="
    },
    "node-fetch": {
      "version": "2.6.1",
      "resolved": "https://registry.npmjs.org/node-fetch/-/node-fetch-2.6.1.tgz",
      "integrity": "sha512-V4aYg89jEoVRxRb2fJdAg8FHvI7cEyYdVAh94HH0UIK8oJxUfkjlDQN9RbMx+bEjP7+ggMiFRprSti032Oipxw=="
    }
  }
}
